
Microsoft Visual Studio Solution File, Format Version 12.00
# Visual Studio Version 17
VisualStudioVersion = 17.3.32922.545
MinimumVisualStudioVersion = 10.0.40219.1
Project("{FAE04EC0-301F-11D3-BF4B-00C04F79EFBC}") = "denemeBlazor", "denemeBlazor\denemeBlazor.csproj", "{EB0A96BF-2451-4375-8A8F-DB9535F3530D}"
EndProject
Global
	GlobalSection(SolutionConfigurationPlatforms) = preSolution
		Debug|Any CPU = Debug|Any CPU
		Release|Any CPU = Release|Any CPU
	EndGlobalSection
	GlobalSection(ProjectConfigurationPlatforms) = postSolution
		{EB0A96BF-2451-4375-8A8F-DB9535F3530D}.Debug|Any CPU.ActiveCfg = Debug|Any CPU
		{EB0A96BF-2451-4375-8A8F-DB9535F3530D}.Debug|Any CPU.Build.0 = Debug|Any CPU
		{EB0A96BF-2451-4375-8A8F-DB9535F3530D}.Release|Any CPU.ActiveCfg = Release|Any CPU
		{EB0A96BF-2451-4375-8A8F-DB9535F3530D}.Release|Any CPU.Build.0 = Release|Any CPU
	EndGlobalSection
	GlobalSection(SolutionProperties) = preSolution
		HideSolutionNode = FALSE
	EndGlobalSection
	GlobalSection(ExtensibilityGlobals) = postSolution
		SolutionGuid = {3FBEEC66-5CE8-418E-99EC-3710A86EE77D}
	EndGlobalSection
EndGlobal
